// !$*UTF8*$!
{
	archiveVersion = 1;
	classes = {
	};
	objectVersion = 51;
	objects = {

/* Begin PBXBuildFile section */
		1A259B8D251B2DCD00FDEE60 /* AppDelegate.swift in Sources */ = {isa = PBXBuildFile; fileRef = 1A259B8C251B2DCD00FDEE60 /* AppDelegate.swift */; };
		1A259B8F251B2DCD00FDEE60 /* SceneDelegate.swift in Sources */ = {isa = PBXBuildFile; fileRef = 1A259B8E251B2DCD00FDEE60 /* SceneDelegate.swift */; };
		1A259B91251B2DCD00FDEE60 /* ViewController.swift in Sources */ = {isa = PBXBuildFile; fileRef = 1A259B90251B2DCD00FDEE60 /* ViewController.swift */; };
		1A259B94251B2DCD00FDEE60 /* Main.storyboard in Resources */ = {isa = PBXBuildFile; fileRef = 1A259B92251B2DCD00FDEE60 /* Main.storyboard */; };
		1A259B96251B2DCE00FDEE60 /* Assets.xcassets in Resources */ = {isa = PBXBuildFile; fileRef = 1A259B95251B2DCE00FDEE60 /* Assets.xcassets */; };
		1A259B99251B2DCE00FDEE60 /* LaunchScreen.storyboard in Resources */ = {isa = PBXBuildFile; fileRef = 1A259B97251B2DCE00FDEE60 /* LaunchScreen.storyboard */; };
		1A259BE3251B393A00FDEE60 /* StartVC.swift in Sources */ = {isa = PBXBuildFile; fileRef = 1A259BE2251B393A00FDEE60 /* StartVC.swift */; };
		1A259BEC251B399300FDEE60 /* StoryBoardInstance.swift in Sources */ = {isa = PBXBuildFile; fileRef = 1A259BEB251B399300FDEE60 /* StoryBoardInstance.swift */; };
		1A259BF1251B3E4100FDEE60 /* AppleSDGothicNeoEB.ttf in Resources */ = {isa = PBXBuildFile; fileRef = 1A259BF0251B3E3100FDEE60 /* AppleSDGothicNeoEB.ttf */; };
		1A259BF9251B3E9000FDEE60 /* AppleSDGothicNeoEB.ttf in Resources */ = {isa = PBXBuildFile; fileRef = 1A259BF0251B3E3100FDEE60 /* AppleSDGothicNeoEB.ttf */; };
		1A259C10251B613500FDEE60 /* SignUp.storyboard in Resources */ = {isa = PBXBuildFile; fileRef = 1A259C0F251B613500FDEE60 /* SignUp.storyboard */; };
		1A259C3E251B623800FDEE60 /* SF-Compact-Text-Light.otf in Resources */ = {isa = PBXBuildFile; fileRef = 1A259C34251B623700FDEE60 /* SF-Compact-Text-Light.otf */; };
		1A259C3F251B623800FDEE60 /* SF-Compact-Text-Light.otf in Resources */ = {isa = PBXBuildFile; fileRef = 1A259C34251B623700FDEE60 /* SF-Compact-Text-Light.otf */; };
		1A259C40251B623800FDEE60 /* SF-Compact-Text-Light.otf in Resources */ = {isa = PBXBuildFile; fileRef = 1A259C34251B623700FDEE60 /* SF-Compact-Text-Light.otf */; };
		1A259C41251B623800FDEE60 /* SF-Compact-Text-UltralightItalic.otf in Resources */ = {isa = PBXBuildFile; fileRef = 1A259C35251B623700FDEE60 /* SF-Compact-Text-UltralightItalic.otf */; };
		1A259C42251B623800FDEE60 /* SF-Compact-Text-UltralightItalic.otf in Resources */ = {isa = PBXBuildFile; fileRef = 1A259C35251B623700FDEE60 /* SF-Compact-Text-UltralightItalic.otf */; };
		1A259C43251B623800FDEE60 /* SF-Compact-Text-UltralightItalic.otf in Resources */ = {isa = PBXBuildFile; fileRef = 1A259C35251B623700FDEE60 /* SF-Compact-Text-UltralightItalic.otf */; };
		1A259C44251B623800FDEE60 /* SF-Compact-Text-Heavy.otf in Resources */ = {isa = PBXBuildFile; fileRef = 1A259C36251B623700FDEE60 /* SF-Compact-Text-Heavy.otf */; };
		1A259C45251B623800FDEE60 /* SF-Compact-Text-Heavy.otf in Resources */ = {isa = PBXBuildFile; fileRef = 1A259C36251B623700FDEE60 /* SF-Compact-Text-Heavy.otf */; };
		1A259C46251B623800FDEE60 /* SF-Compact-Text-Heavy.otf in Resources */ = {isa = PBXBuildFile; fileRef = 1A259C36251B623700FDEE60 /* SF-Compact-Text-Heavy.otf */; };
		1A259C47251B623800FDEE60 /* SF-Compact-Text-Regular.otf in Resources */ = {isa = PBXBuildFile; fileRef = 1A259C37251B623700FDEE60 /* SF-Compact-Text-Regular.otf */; };
		1A259C48251B623800FDEE60 /* SF-Compact-Text-Regular.otf in Resources */ = {isa = PBXBuildFile; fileRef = 1A259C37251B623700FDEE60 /* SF-Compact-Text-Regular.otf */; };
		1A259C49251B623800FDEE60 /* SF-Compact-Text-Regular.otf in Resources */ = {isa = PBXBuildFile; fileRef = 1A259C37251B623700FDEE60 /* SF-Compact-Text-Regular.otf */; };
		1A259C4A251B623800FDEE60 /* SF-Compact-Text-Black.otf in Resources */ = {isa = PBXBuildFile; fileRef = 1A259C38251B623700FDEE60 /* SF-Compact-Text-Black.otf */; };
		1A259C4B251B623800FDEE60 /* SF-Compact-Text-Black.otf in Resources */ = {isa = PBXBuildFile; fileRef = 1A259C38251B623700FDEE60 /* SF-Compact-Text-Black.otf */; };
		1A259C4C251B623800FDEE60 /* SF-Compact-Text-Black.otf in Resources */ = {isa = PBXBuildFile; fileRef = 1A259C38251B623700FDEE60 /* SF-Compact-Text-Black.otf */; };
		1A259C4D251B623800FDEE60 /* SF-Compact-Text-Bold.otf in Resources */ = {isa = PBXBuildFile; fileRef = 1A259C39251B623800FDEE60 /* SF-Compact-Text-Bold.otf */; };
		1A259C4E251B623800FDEE60 /* SF-Compact-Text-Bold.otf in Resources */ = {isa = PBXBuildFile; fileRef = 1A259C39251B623800FDEE60 /* SF-Compact-Text-Bold.otf */; };
		1A259C4F251B623800FDEE60 /* SF-Compact-Text-Bold.otf in Resources */ = {isa = PBXBuildFile; fileRef = 1A259C39251B623800FDEE60 /* SF-Compact-Text-Bold.otf */; };
		1A259C50251B623800FDEE60 /* SF-Compact-Text-Medium.otf in Resources */ = {isa = PBXBuildFile; fileRef = 1A259C3A251B623800FDEE60 /* SF-Compact-Text-Medium.otf */; };
		1A259C51251B623800FDEE60 /* SF-Compact-Text-Medium.otf in Resources */ = {isa = PBXBuildFile; fileRef = 1A259C3A251B623800FDEE60 /* SF-Compact-Text-Medium.otf */; };
		1A259C52251B623800FDEE60 /* SF-Compact-Text-Medium.otf in Resources */ = {isa = PBXBuildFile; fileRef = 1A259C3A251B623800FDEE60 /* SF-Compact-Text-Medium.otf */; };
		1A259C53251B623800FDEE60 /* SF-Compact-Text-MediumItalic.otf in Resources */ = {isa = PBXBuildFile; fileRef = 1A259C3B251B623800FDEE60 /* SF-Compact-Text-MediumItalic.otf */; };
		1A259C54251B623800FDEE60 /* SF-Compact-Text-MediumItalic.otf in Resources */ = {isa = PBXBuildFile; fileRef = 1A259C3B251B623800FDEE60 /* SF-Compact-Text-MediumItalic.otf */; };
		1A259C55251B623800FDEE60 /* SF-Compact-Text-MediumItalic.otf in Resources */ = {isa = PBXBuildFile; fileRef = 1A259C3B251B623800FDEE60 /* SF-Compact-Text-MediumItalic.otf */; };
		1A259C56251B623800FDEE60 /* SF-Compact-Text-RegularItalic.otf in Resources */ = {isa = PBXBuildFile; fileRef = 1A259C3C251B623800FDEE60 /* SF-Compact-Text-RegularItalic.otf */; };
		1A259C57251B623800FDEE60 /* SF-Compact-Text-RegularItalic.otf in Resources */ = {isa = PBXBuildFile; fileRef = 1A259C3C251B623800FDEE60 /* SF-Compact-Text-RegularItalic.otf */; };
		1A259C58251B623800FDEE60 /* SF-Compact-Text-RegularItalic.otf in Resources */ = {isa = PBXBuildFile; fileRef = 1A259C3C251B623800FDEE60 /* SF-Compact-Text-RegularItalic.otf */; };
		1A259C59251B623800FDEE60 /* SF-Compact-Text-LightItalic.otf in Resources */ = {isa = PBXBuildFile; fileRef = 1A259C3D251B623800FDEE60 /* SF-Compact-Text-LightItalic.otf */; };
		1A259C5A251B623800FDEE60 /* SF-Compact-Text-LightItalic.otf in Resources */ = {isa = PBXBuildFile; fileRef = 1A259C3D251B623800FDEE60 /* SF-Compact-Text-LightItalic.otf */; };
		1A259C5B251B623800FDEE60 /* SF-Compact-Text-LightItalic.otf in Resources */ = {isa = PBXBuildFile; fileRef = 1A259C3D251B623800FDEE60 /* SF-Compact-Text-LightItalic.otf */; };
		1A259C67251B663500FDEE60 /* SignUpNameVC.swift in Sources */ = {isa = PBXBuildFile; fileRef = 1A259C66251B663500FDEE60 /* SignUpNameVC.swift */; };
		1A259C68251B663500FDEE60 /* SignUpNameVC.swift in Sources */ = {isa = PBXBuildFile; fileRef = 1A259C66251B663500FDEE60 /* SignUpNameVC.swift */; };
		1A259C69251B663500FDEE60 /* SignUpNameVC.swift in Sources */ = {isa = PBXBuildFile; fileRef = 1A259C66251B663500FDEE60 /* SignUpNameVC.swift */; };
		1A259C82251B6A0C00FDEE60 /* SignUpNameTF.swift in Sources */ = {isa = PBXBuildFile; fileRef = 1A259C81251B6A0C00FDEE60 /* SignUpNameTF.swift */; };
		1A259C88251B708B00FDEE60 /* ExtensionCollection.swift in Sources */ = {isa = PBXBuildFile; fileRef = 1A259C87251B708B00FDEE60 /* ExtensionCollection.swift */; };
		1A259C8D251B710A00FDEE60 /* SignUpEmailVC.swift in Sources */ = {isa = PBXBuildFile; fileRef = 1A259C8C251B710A00FDEE60 /* SignUpEmailVC.swift */; };
		1A259C92251B712400FDEE60 /* SignUpEmailTF.swift in Sources */ = {isa = PBXBuildFile; fileRef = 1A259C91251B712400FDEE60 /* SignUpEmailTF.swift */; };
		1A259C9D251B839900FDEE60 /* SignUpPhoneVC.swift in Sources */ = {isa = PBXBuildFile; fileRef = 1A259C9C251B839900FDEE60 /* SignUpPhoneVC.swift */; };
		1A259CA2251B83A300FDEE60 /* SignUpPhoneTF.swift in Sources */ = {isa = PBXBuildFile; fileRef = 1A259CA1251B83A300FDEE60 /* SignUpPhoneTF.swift */; };
		1A259CA7251B849E00FDEE60 /* Common.swift in Sources */ = {isa = PBXBuildFile; fileRef = 1A259CA6251B849E00FDEE60 /* Common.swift */; };
		1A259CAF251B880600FDEE60 /* Certification.storyboard in Resources */ = {isa = PBXBuildFile; fileRef = 1A259CAE251B880600FDEE60 /* Certification.storyboard */; };
		1A259CB6251B8AA500FDEE60 /* PhoneCertVC.swift in Sources */ = {isa = PBXBuildFile; fileRef = 1A259CB5251B8AA500FDEE60 /* PhoneCertVC.swift */; };
		1A259CBE251B95BD00FDEE60 /* AuthorityVC.swift in Sources */ = {isa = PBXBuildFile; fileRef = 1A259CBD251B95BD00FDEE60 /* AuthorityVC.swift */; };
		1A2B7FDA251F598600372D3F /* CarRegist.storyboard in Resources */ = {isa = PBXBuildFile; fileRef = 1A2B7FD9251F598600372D3F /* CarRegist.storyboard */; };
		1A2B7FDF251F769600372D3F /* CarRegistColorVC.swift in Sources */ = {isa = PBXBuildFile; fileRef = 1A2B7FDE251F769600372D3F /* CarRegistColorVC.swift */; };
		1A2B7FE4251F76A900372D3F /* CarRegistModelOptionVC.swift in Sources */ = {isa = PBXBuildFile; fileRef = 1A2B7FE3251F76A900372D3F /* CarRegistModelOptionVC.swift */; };
		1A2B7FEC251F76E900372D3F /* CarRegistColorCell.swift in Sources */ = {isa = PBXBuildFile; fileRef = 1A2B7FEB251F76E900372D3F /* CarRegistColorCell.swift */; };
		1A2B7FF1251F76F500372D3F /* CarRegistColorCell.xib in Resources */ = {isa = PBXBuildFile; fileRef = 1A2B7FF0251F76F500372D3F /* CarRegistColorCell.xib */; };
		1A2B7FF6251F783200372D3F /* CarRegistColorTV.swift in Sources */ = {isa = PBXBuildFile; fileRef = 1A2B7FF5251F783200372D3F /* CarRegistColorTV.swift */; };
		1AA497ED252010EA0099059C /* CarRegistModelCell.swift in Sources */ = {isa = PBXBuildFile; fileRef = 1AA497EC252010EA0099059C /* CarRegistModelCell.swift */; };
		1AA497F2252010F20099059C /* CarRegistModelCell.xib in Resources */ = {isa = PBXBuildFile; fileRef = 1AA497F1252010F20099059C /* CarRegistModelCell.xib */; };
		1AA497F8252013A10099059C /* CarRegistModelCV.swift in Sources */ = {isa = PBXBuildFile; fileRef = 1AA497F7252013A10099059C /* CarRegistModelCV.swift */; };
		1AA4980025201FCA0099059C /* CarRegistModelVC.swift in Sources */ = {isa = PBXBuildFile; fileRef = 1AA497FF25201FCA0099059C /* CarRegistModelVC.swift */; };
		1AA4981125205E400099059C /* CarRegistModelOptionVC2.swift in Sources */ = {isa = PBXBuildFile; fileRef = 1AA4981025205E400099059C /* CarRegistModelOptionVC2.swift */; };
		1AA498162520837A0099059C /* CarOptionOneCell.swift in Sources */ = {isa = PBXBuildFile; fileRef = 1AA498152520837A0099059C /* CarOptionOneCell.swift */; };
		1AA4981B252083850099059C /* CarOptionOneCell.xib in Resources */ = {isa = PBXBuildFile; fileRef = 1AA4981A252083850099059C /* CarOptionOneCell.xib */; };
		1AA49820252084660099059C /* CarRegistModelOptionTV.swift in Sources */ = {isa = PBXBuildFile; fileRef = 1AA4981F252084660099059C /* CarRegistModelOptionTV.swift */; };
		1AEC112C251DBF39002A3092 /* AppleSDGothicNeoEB.ttf in Resources */ = {isa = PBXBuildFile; fileRef = 1A259BF0251B3E3100FDEE60 /* AppleSDGothicNeoEB.ttf */; };
		1AEC1132251DCCB1002A3092 /* BottomSheet.storyboard in Resources */ = {isa = PBXBuildFile; fileRef = 1AEC1131251DCCB1002A3092 /* BottomSheet.storyboard */; };
		1AEC1141251DD1EF002A3092 /* SignUpTermsBS.swift in Sources */ = {isa = PBXBuildFile; fileRef = 1AEC1140251DD1EF002A3092 /* SignUpTermsBS.swift */; };
		1AEC1149251DF28B002A3092 /* NotoSans-Italic.ttf in Resources */ = {isa = PBXBuildFile; fileRef = 1AEC1145251DF28A002A3092 /* NotoSans-Italic.ttf */; };
		1AEC114A251DF28B002A3092 /* NotoSans-Italic.ttf in Resources */ = {isa = PBXBuildFile; fileRef = 1AEC1145251DF28A002A3092 /* NotoSans-Italic.ttf */; };
		1AEC114B251DF28B002A3092 /* NotoSans-Italic.ttf in Resources */ = {isa = PBXBuildFile; fileRef = 1AEC1145251DF28A002A3092 /* NotoSans-Italic.ttf */; };
		1AEC114C251DF28B002A3092 /* NotoSans-Regular.ttf in Resources */ = {isa = PBXBuildFile; fileRef = 1AEC1146251DF28B002A3092 /* NotoSans-Regular.ttf */; };
		1AEC114D251DF28B002A3092 /* NotoSans-Regular.ttf in Resources */ = {isa = PBXBuildFile; fileRef = 1AEC1146251DF28B002A3092 /* NotoSans-Regular.ttf */; };
		1AEC114E251DF28B002A3092 /* NotoSans-Regular.ttf in Resources */ = {isa = PBXBuildFile; fileRef = 1AEC1146251DF28B002A3092 /* NotoSans-Regular.ttf */; };
		1AEC114F251DF28B002A3092 /* NotoSans-BoldItalic.ttf in Resources */ = {isa = PBXBuildFile; fileRef = 1AEC1147251DF28B002A3092 /* NotoSans-BoldItalic.ttf */; };
		1AEC1150251DF28B002A3092 /* NotoSans-BoldItalic.ttf in Resources */ = {isa = PBXBuildFile; fileRef = 1AEC1147251DF28B002A3092 /* NotoSans-BoldItalic.ttf */; };
		1AEC1151251DF28B002A3092 /* NotoSans-BoldItalic.ttf in Resources */ = {isa = PBXBuildFile; fileRef = 1AEC1147251DF28B002A3092 /* NotoSans-BoldItalic.ttf */; };
		1AEC1152251DF28B002A3092 /* NotoSans-Bold.ttf in Resources */ = {isa = PBXBuildFile; fileRef = 1AEC1148251DF28B002A3092 /* NotoSans-Bold.ttf */; };
		1AEC1153251DF28B002A3092 /* NotoSans-Bold.ttf in Resources */ = {isa = PBXBuildFile; fileRef = 1AEC1148251DF28B002A3092 /* NotoSans-Bold.ttf */; };
		1AEC1154251DF28B002A3092 /* NotoSans-Bold.ttf in Resources */ = {isa = PBXBuildFile; fileRef = 1AEC1148251DF28B002A3092 /* NotoSans-Bold.ttf */; };
		1AEC1164251DF4C0002A3092 /* NotoSansCJKkr-Light.otf in Resources */ = {isa = PBXBuildFile; fileRef = 1AEC115B251DF4BF002A3092 /* NotoSansCJKkr-Light.otf */; };
		1AEC1165251DF4C0002A3092 /* NotoSansCJKkr-Light.otf in Resources */ = {isa = PBXBuildFile; fileRef = 1AEC115B251DF4BF002A3092 /* NotoSansCJKkr-Light.otf */; };
		1AEC1166251DF4C0002A3092 /* NotoSansCJKkr-Light.otf in Resources */ = {isa = PBXBuildFile; fileRef = 1AEC115B251DF4BF002A3092 /* NotoSansCJKkr-Light.otf */; };
		1AEC1167251DF4C0002A3092 /* NotoSansMonoCJKkr-Bold.otf in Resources */ = {isa = PBXBuildFile; fileRef = 1AEC115C251DF4BF002A3092 /* NotoSansMonoCJKkr-Bold.otf */; };
		1AEC1168251DF4C0002A3092 /* NotoSansMonoCJKkr-Bold.otf in Resources */ = {isa = PBXBuildFile; fileRef = 1AEC115C251DF4BF002A3092 /* NotoSansMonoCJKkr-Bold.otf */; };
		1AEC1169251DF4C0002A3092 /* NotoSansMonoCJKkr-Bold.otf in Resources */ = {isa = PBXBuildFile; fileRef = 1AEC115C251DF4BF002A3092 /* NotoSansMonoCJKkr-Bold.otf */; };
		1AEC116A251DF4C0002A3092 /* NotoSansCJKkr-Black.otf in Resources */ = {isa = PBXBuildFile; fileRef = 1AEC115D251DF4C0002A3092 /* NotoSansCJKkr-Black.otf */; };
		1AEC116B251DF4C0002A3092 /* NotoSansCJKkr-Black.otf in Resources */ = {isa = PBXBuildFile; fileRef = 1AEC115D251DF4C0002A3092 /* NotoSansCJKkr-Black.otf */; };
		1AEC116C251DF4C0002A3092 /* NotoSansCJKkr-Black.otf in Resources */ = {isa = PBXBuildFile; fileRef = 1AEC115D251DF4C0002A3092 /* NotoSansCJKkr-Black.otf */; };
		1AEC116D251DF4C0002A3092 /* NotoSansCJKkr-Bold.otf in Resources */ = {isa = PBXBuildFile; fileRef = 1AEC115E251DF4C0002A3092 /* NotoSansCJKkr-Bold.otf */; };
		1AEC116E251DF4C0002A3092 /* NotoSansCJKkr-Bold.otf in Resources */ = {isa = PBXBuildFile; fileRef = 1AEC115E251DF4C0002A3092 /* NotoSansCJKkr-Bold.otf */; };
		1AEC116F251DF4C0002A3092 /* NotoSansCJKkr-Bold.otf in Resources */ = {isa = PBXBuildFile; fileRef = 1AEC115E251DF4C0002A3092 /* NotoSansCJKkr-Bold.otf */; };
		1AEC1170251DF4C0002A3092 /* NotoSansCJKkr-Regular.otf in Resources */ = {isa = PBXBuildFile; fileRef = 1AEC115F251DF4C0002A3092 /* NotoSansCJKkr-Regular.otf */; };
		1AEC1171251DF4C0002A3092 /* NotoSansCJKkr-Regular.otf in Resources */ = {isa = PBXBuildFile; fileRef = 1AEC115F251DF4C0002A3092 /* NotoSansCJKkr-Regular.otf */; };
		1AEC1172251DF4C0002A3092 /* NotoSansCJKkr-Regular.otf in Resources */ = {isa = PBXBuildFile; fileRef = 1AEC115F251DF4C0002A3092 /* NotoSansCJKkr-Regular.otf */; };
		1AEC1173251DF4C0002A3092 /* NotoSansMonoCJKkr-Regular.otf in Resources */ = {isa = PBXBuildFile; fileRef = 1AEC1160251DF4C0002A3092 /* NotoSansMonoCJKkr-Regular.otf */; };
		1AEC1174251DF4C0002A3092 /* NotoSansMonoCJKkr-Regular.otf in Resources */ = {isa = PBXBuildFile; fileRef = 1AEC1160251DF4C0002A3092 /* NotoSansMonoCJKkr-Regular.otf */; };
		1AEC1175251DF4C0002A3092 /* NotoSansMonoCJKkr-Regular.otf in Resources */ = {isa = PBXBuildFile; fileRef = 1AEC1160251DF4C0002A3092 /* NotoSansMonoCJKkr-Regular.otf */; };
		1AEC1176251DF4C0002A3092 /* NotoSansCJKkr-DemiLight.otf in Resources */ = {isa = PBXBuildFile; fileRef = 1AEC1161251DF4C0002A3092 /* NotoSansCJKkr-DemiLight.otf */; };
		1AEC1177251DF4C0002A3092 /* NotoSansCJKkr-DemiLight.otf in Resources */ = {isa = PBXBuildFile; fileRef = 1AEC1161251DF4C0002A3092 /* NotoSansCJKkr-DemiLight.otf */; };
		1AEC1178251DF4C0002A3092 /* NotoSansCJKkr-DemiLight.otf in Resources */ = {isa = PBXBuildFile; fileRef = 1AEC1161251DF4C0002A3092 /* NotoSansCJKkr-DemiLight.otf */; };
		1AEC1179251DF4C0002A3092 /* NotoSansCJKkr-Medium.otf in Resources */ = {isa = PBXBuildFile; fileRef = 1AEC1162251DF4C0002A3092 /* NotoSansCJKkr-Medium.otf */; };
		1AEC117A251DF4C0002A3092 /* NotoSansCJKkr-Medium.otf in Resources */ = {isa = PBXBuildFile; fileRef = 1AEC1162251DF4C0002A3092 /* NotoSansCJKkr-Medium.otf */; };
		1AEC117B251DF4C0002A3092 /* NotoSansCJKkr-Medium.otf in Resources */ = {isa = PBXBuildFile; fileRef = 1AEC1162251DF4C0002A3092 /* NotoSansCJKkr-Medium.otf */; };
		1AEC117C251DF4C0002A3092 /* NotoSansCJKkr-Thin.otf in Resources */ = {isa = PBXBuildFile; fileRef = 1AEC1163251DF4C0002A3092 /* NotoSansCJKkr-Thin.otf */; };
		1AEC117D251DF4C0002A3092 /* NotoSansCJKkr-Thin.otf in Resources */ = {isa = PBXBuildFile; fileRef = 1AEC1163251DF4C0002A3092 /* NotoSansCJKkr-Thin.otf */; };
		1AEC117E251DF4C0002A3092 /* NotoSansCJKkr-Thin.otf in Resources */ = {isa = PBXBuildFile; fileRef = 1AEC1163251DF4C0002A3092 /* NotoSansCJKkr-Thin.otf */; };
		1AEC1186251E002A002A3092 /* PasswordSettingVC.swift in Sources */ = {isa = PBXBuildFile; fileRef = 1AEC1185251E002A002A3092 /* PasswordSettingVC.swift */; };
		1AEC1187251E002A002A3092 /* PasswordSettingVC.swift in Sources */ = {isa = PBXBuildFile; fileRef = 1AEC1185251E002A002A3092 /* PasswordSettingVC.swift */; };
		1AEC1188251E002A002A3092 /* PasswordSettingVC.swift in Sources */ = {isa = PBXBuildFile; fileRef = 1AEC1185251E002A002A3092 /* PasswordSettingVC.swift */; };
		1AEC1194251E0B28002A3092 /* SignUpCompleteVC.swift in Sources */ = {isa = PBXBuildFile; fileRef = 1AEC1193251E0B28002A3092 /* SignUpCompleteVC.swift */; };
		1AEC11A5251E124A002A3092 /* Home.storyboard in Resources */ = {isa = PBXBuildFile; fileRef = 1AEC11A4251E124A002A3092 /* Home.storyboard */; };
		1AEC11AA251E148B002A3092 /* HomeVC.swift in Sources */ = {isa = PBXBuildFile; fileRef = 1AEC11A9251E148B002A3092 /* HomeVC.swift */; };
		1AEC11AF251E24BC002A3092 /* AlarmPageVC.swift in Sources */ = {isa = PBXBuildFile; fileRef = 1AEC11AE251E24BC002A3092 /* AlarmPageVC.swift */; };
		1AEC11B6251E24F6002A3092 /* AlarmPageTV.swift in Sources */ = {isa = PBXBuildFile; fileRef = 1AEC11B5251E24F6002A3092 /* AlarmPageTV.swift */; };
		1AEC11BE251E2625002A3092 /* AlarmCell.xib in Resources */ = {isa = PBXBuildFile; fileRef = 1AEC11BD251E2625002A3092 /* AlarmCell.xib */; };
		1AEC11C3251E2637002A3092 /* AlarmCell.swift in Sources */ = {isa = PBXBuildFile; fileRef = 1AEC11C2251E2637002A3092 /* AlarmCell.swift */; };
		6F02316E0199F918FCFC0A2F /* Pods_PlugIt.framework in Frameworks */ = {isa = PBXBuildFile; fileRef = 7A8C3F637652B93D59373102 /* Pods_PlugIt.framework */; };
/* End PBXBuildFile section */

/* Begin PBXContainerItemProxy section */
		1A259BA0251B2DCE00FDEE60 /* PBXContainerItemProxy */ = {
			isa = PBXContainerItemProxy;
			containerPortal = 1A259B81251B2DCD00FDEE60 /* Project object */;
			proxyType = 1;
			remoteGlobalIDString = 1A259B88251B2DCD00FDEE60;
			remoteInfo = PlugIt;
		};
		1A259BAB251B2DCE00FDEE60 /* PBXContainerItemProxy */ = {
			isa = PBXContainerItemProxy;
			containerPortal = 1A259B81251B2DCD00FDEE60 /* Project object */;
			proxyType = 1;
			remoteGlobalIDString = 1A259B88251B2DCD00FDEE60;
			remoteInfo = PlugIt;
		};
/* End PBXContainerItemProxy section */

/* Begin PBXFileReference section */
		1A259B89251B2DCD00FDEE60 /* PlugIt.app */ = {isa = PBXFileReference; explicitFileType = wrapper.application; includeInIndex = 0; path = PlugIt.app; sourceTree = BUILT_PRODUCTS_DIR; };
		1A259B8C251B2DCD00FDEE60 /* AppDelegate.swift */ = {isa = PBXFileReference; lastKnownFileType = sourcecode.swift; path = AppDelegate.swift; sourceTree = "<group>"; };
		1A259B8E251B2DCD00FDEE60 /* SceneDelegate.swift */ = {isa = PBXFileReference; lastKnownFileType = sourcecode.swift; path = SceneDelegate.swift; sourceTree = "<group>"; };
		1A259B90251B2DCD00FDEE60 /* ViewController.swift */ = {isa = PBXFileReference; lastKnownFileType = sourcecode.swift; path = ViewController.swift; sourceTree = "<group>"; };
		1A259B93251B2DCD00FDEE60 /* Base */ = {isa = PBXFileReference; lastKnownFileType = file.storyboard; name = Base; path = Base.lproj/Main.storyboard; sourceTree = "<group>"; };
		1A259B95251B2DCE00FDEE60 /* Assets.xcassets */ = {isa = PBXFileReference; lastKnownFileType = folder.assetcatalog; path = Assets.xcassets; sourceTree = "<group>"; };
		1A259B98251B2DCE00FDEE60 /* Base */ = {isa = PBXFileReference; lastKnownFileType = file.storyboard; name = Base; path = Base.lproj/LaunchScreen.storyboard; sourceTree = "<group>"; };
		1A259B9A251B2DCE00FDEE60 /* Info.plist */ = {isa = PBXFileReference; lastKnownFileType = text.plist.xml; path = Info.plist; sourceTree = "<group>"; };
		1A259B9F251B2DCE00FDEE60 /* PlugItTests.xctest */ = {isa = PBXFileReference; explicitFileType = wrapper.cfbundle; includeInIndex = 0; path = PlugItTests.xctest; sourceTree = BUILT_PRODUCTS_DIR; };
		1A259BAA251B2DCE00FDEE60 /* PlugItUITests.xctest */ = {isa = PBXFileReference; explicitFileType = wrapper.cfbundle; includeInIndex = 0; path = PlugItUITests.xctest; sourceTree = BUILT_PRODUCTS_DIR; };
		1A259BE2251B393A00FDEE60 /* StartVC.swift */ = {isa = PBXFileReference; lastKnownFileType = sourcecode.swift; path = StartVC.swift; sourceTree = "<group>"; };
		1A259BEB251B399300FDEE60 /* StoryBoardInstance.swift */ = {isa = PBXFileReference; lastKnownFileType = sourcecode.swift; path = StoryBoardInstance.swift; sourceTree = "<group>"; };
		1A259BF0251B3E3100FDEE60 /* AppleSDGothicNeoEB.ttf */ = {isa = PBXFileReference; lastKnownFileType = file; path = AppleSDGothicNeoEB.ttf; sourceTree = "<group>"; };
		1A259C0F251B613500FDEE60 /* SignUp.storyboard */ = {isa = PBXFileReference; lastKnownFileType = file.storyboard; path = SignUp.storyboard; sourceTree = "<group>"; };
		1A259C34251B623700FDEE60 /* SF-Compact-Text-Light.otf */ = {isa = PBXFileReference; lastKnownFileType = file; path = "SF-Compact-Text-Light.otf"; sourceTree = "<group>"; };
		1A259C35251B623700FDEE60 /* SF-Compact-Text-UltralightItalic.otf */ = {isa = PBXFileReference; lastKnownFileType = file; path = "SF-Compact-Text-UltralightItalic.otf"; sourceTree = "<group>"; };
		1A259C36251B623700FDEE60 /* SF-Compact-Text-Heavy.otf */ = {isa = PBXFileReference; lastKnownFileType = file; path = "SF-Compact-Text-Heavy.otf"; sourceTree = "<group>"; };
		1A259C37251B623700FDEE60 /* SF-Compact-Text-Regular.otf */ = {isa = PBXFileReference; lastKnownFileType = file; path = "SF-Compact-Text-Regular.otf"; sourceTree = "<group>"; };
		1A259C38251B623700FDEE60 /* SF-Compact-Text-Black.otf */ = {isa = PBXFileReference; lastKnownFileType = file; path = "SF-Compact-Text-Black.otf"; sourceTree = "<group>"; };
		1A259C39251B623800FDEE60 /* SF-Compact-Text-Bold.otf */ = {isa = PBXFileReference; lastKnownFileType = file; path = "SF-Compact-Text-Bold.otf"; sourceTree = "<group>"; };
		1A259C3A251B623800FDEE60 /* SF-Compact-Text-Medium.otf */ = {isa = PBXFileReference; lastKnownFileType = file; path = "SF-Compact-Text-Medium.otf"; sourceTree = "<group>"; };
		1A259C3B251B623800FDEE60 /* SF-Compact-Text-MediumItalic.otf */ = {isa = PBXFileReference; lastKnownFileType = file; path = "SF-Compact-Text-MediumItalic.otf"; sourceTree = "<group>"; };
		1A259C3C251B623800FDEE60 /* SF-Compact-Text-RegularItalic.otf */ = {isa = PBXFileReference; lastKnownFileType = file; path = "SF-Compact-Text-RegularItalic.otf"; sourceTree = "<group>"; };
		1A259C3D251B623800FDEE60 /* SF-Compact-Text-LightItalic.otf */ = {isa = PBXFileReference; lastKnownFileType = file; path = "SF-Compact-Text-LightItalic.otf"; sourceTree = "<group>"; };
		1A259C66251B663500FDEE60 /* SignUpNameVC.swift */ = {isa = PBXFileReference; lastKnownFileType = sourcecode.swift; path = SignUpNameVC.swift; sourceTree = "<group>"; };
		1A259C81251B6A0C00FDEE60 /* SignUpNameTF.swift */ = {isa = PBXFileReference; lastKnownFileType = sourcecode.swift; path = SignUpNameTF.swift; sourceTree = "<group>"; };
		1A259C87251B708B00FDEE60 /* ExtensionCollection.swift */ = {isa = PBXFileReference; lastKnownFileType = sourcecode.swift; path = ExtensionCollection.swift; sourceTree = "<group>"; };
		1A259C8C251B710A00FDEE60 /* SignUpEmailVC.swift */ = {isa = PBXFileReference; lastKnownFileType = sourcecode.swift; path = SignUpEmailVC.swift; sourceTree = "<group>"; };
		1A259C91251B712400FDEE60 /* SignUpEmailTF.swift */ = {isa = PBXFileReference; lastKnownFileType = sourcecode.swift; path = SignUpEmailTF.swift; sourceTree = "<group>"; };
		1A259C9C251B839900FDEE60 /* SignUpPhoneVC.swift */ = {isa = PBXFileReference; lastKnownFileType = sourcecode.swift; path = SignUpPhoneVC.swift; sourceTree = "<group>"; };
		1A259CA1251B83A300FDEE60 /* SignUpPhoneTF.swift */ = {isa = PBXFileReference; lastKnownFileType = sourcecode.swift; path = SignUpPhoneTF.swift; sourceTree = "<group>"; };
		1A259CA6251B849E00FDEE60 /* Common.swift */ = {isa = PBXFileReference; lastKnownFileType = sourcecode.swift; path = Common.swift; sourceTree = "<group>"; };
		1A259CAE251B880600FDEE60 /* Certification.storyboard */ = {isa = PBXFileReference; lastKnownFileType = file.storyboard; path = Certification.storyboard; sourceTree = "<group>"; };
		1A259CB5251B8AA500FDEE60 /* PhoneCertVC.swift */ = {isa = PBXFileReference; lastKnownFileType = sourcecode.swift; path = PhoneCertVC.swift; sourceTree = "<group>"; };
		1A259CBD251B95BD00FDEE60 /* AuthorityVC.swift */ = {isa = PBXFileReference; lastKnownFileType = sourcecode.swift; path = AuthorityVC.swift; sourceTree = "<group>"; };
		1A2B7FD9251F598600372D3F /* CarRegist.storyboard */ = {isa = PBXFileReference; lastKnownFileType = file.storyboard; path = CarRegist.storyboard; sourceTree = "<group>"; };
		1A2B7FDE251F769600372D3F /* CarRegistColorVC.swift */ = {isa = PBXFileReference; lastKnownFileType = sourcecode.swift; path = CarRegistColorVC.swift; sourceTree = "<group>"; };
		1A2B7FE3251F76A900372D3F /* CarRegistModelOptionVC.swift */ = {isa = PBXFileReference; lastKnownFileType = sourcecode.swift; path = CarRegistModelOptionVC.swift; sourceTree = "<group>"; };
		1A2B7FEB251F76E900372D3F /* CarRegistColorCell.swift */ = {isa = PBXFileReference; lastKnownFileType = sourcecode.swift; path = CarRegistColorCell.swift; sourceTree = "<group>"; };
		1A2B7FF0251F76F500372D3F /* CarRegistColorCell.xib */ = {isa = PBXFileReference; lastKnownFileType = file.xib; path = CarRegistColorCell.xib; sourceTree = "<group>"; };
		1A2B7FF5251F783200372D3F /* CarRegistColorTV.swift */ = {isa = PBXFileReference; lastKnownFileType = sourcecode.swift; path = CarRegistColorTV.swift; sourceTree = "<group>"; };
		1AA497EC252010EA0099059C /* CarRegistModelCell.swift */ = {isa = PBXFileReference; lastKnownFileType = sourcecode.swift; path = CarRegistModelCell.swift; sourceTree = "<group>"; };
		1AA497F1252010F20099059C /* CarRegistModelCell.xib */ = {isa = PBXFileReference; lastKnownFileType = file.xib; path = CarRegistModelCell.xib; sourceTree = "<group>"; };
		1AA497F7252013A10099059C /* CarRegistModelCV.swift */ = {isa = PBXFileReference; lastKnownFileType = sourcecode.swift; path = CarRegistModelCV.swift; sourceTree = "<group>"; };
		1AA497FF25201FCA0099059C /* CarRegistModelVC.swift */ = {isa = PBXFileReference; lastKnownFileType = sourcecode.swift; path = CarRegistModelVC.swift; sourceTree = "<group>"; };
		1AA4981025205E400099059C /* CarRegistModelOptionVC2.swift */ = {isa = PBXFileReference; lastKnownFileType = sourcecode.swift; path = CarRegistModelOptionVC2.swift; sourceTree = "<group>"; };
		1AA498152520837A0099059C /* CarOptionOneCell.swift */ = {isa = PBXFileReference; lastKnownFileType = sourcecode.swift; path = CarOptionOneCell.swift; sourceTree = "<group>"; };
		1AA4981A252083850099059C /* CarOptionOneCell.xib */ = {isa = PBXFileReference; lastKnownFileType = file.xib; path = CarOptionOneCell.xib; sourceTree = "<group>"; };
		1AA4981F252084660099059C /* CarRegistModelOptionTV.swift */ = {isa = PBXFileReference; lastKnownFileType = sourcecode.swift; path = CarRegistModelOptionTV.swift; sourceTree = "<group>"; };
		1AEC1131251DCCB1002A3092 /* BottomSheet.storyboard */ = {isa = PBXFileReference; lastKnownFileType = file.storyboard; path = BottomSheet.storyboard; sourceTree = "<group>"; };
		1AEC1140251DD1EF002A3092 /* SignUpTermsBS.swift */ = {isa = PBXFileReference; lastKnownFileType = sourcecode.swift; path = SignUpTermsBS.swift; sourceTree = "<group>"; };
		1AEC1145251DF28A002A3092 /* NotoSans-Italic.ttf */ = {isa = PBXFileReference; lastKnownFileType = file; path = "NotoSans-Italic.ttf"; sourceTree = "<group>"; };
		1AEC1146251DF28B002A3092 /* NotoSans-Regular.ttf */ = {isa = PBXFileReference; lastKnownFileType = file; path = "NotoSans-Regular.ttf"; sourceTree = "<group>"; };
		1AEC1147251DF28B002A3092 /* NotoSans-BoldItalic.ttf */ = {isa = PBXFileReference; lastKnownFileType = file; path = "NotoSans-BoldItalic.ttf"; sourceTree = "<group>"; };
		1AEC1148251DF28B002A3092 /* NotoSans-Bold.ttf */ = {isa = PBXFileReference; lastKnownFileType = file; path = "NotoSans-Bold.ttf"; sourceTree = "<group>"; };
		1AEC115B251DF4BF002A3092 /* NotoSansCJKkr-Light.otf */ = {isa = PBXFileReference; lastKnownFileType = file; path = "NotoSansCJKkr-Light.otf"; sourceTree = "<group>"; };
		1AEC115C251DF4BF002A3092 /* NotoSansMonoCJKkr-Bold.otf */ = {isa = PBXFileReference; lastKnownFileType = file; path = "NotoSansMonoCJKkr-Bold.otf"; sourceTree = "<group>"; };
		1AEC115D251DF4C0002A3092 /* NotoSansCJKkr-Black.otf */ = {isa = PBXFileReference; lastKnownFileType = file; path = "NotoSansCJKkr-Black.otf"; sourceTree = "<group>"; };
		1AEC115E251DF4C0002A3092 /* NotoSansCJKkr-Bold.otf */ = {isa = PBXFileReference; lastKnownFileType = file; path = "NotoSansCJKkr-Bold.otf"; sourceTree = "<group>"; };
		1AEC115F251DF4C0002A3092 /* NotoSansCJKkr-Regular.otf */ = {isa = PBXFileReference; lastKnownFileType = file; path = "NotoSansCJKkr-Regular.otf"; sourceTree = "<group>"; };
		1AEC1160251DF4C0002A3092 /* NotoSansMonoCJKkr-Regular.otf */ = {isa = PBXFileReference; lastKnownFileType = file; path = "NotoSansMonoCJKkr-Regular.otf"; sourceTree = "<group>"; };
		1AEC1161251DF4C0002A3092 /* NotoSansCJKkr-DemiLight.otf */ = {isa = PBXFileReference; lastKnownFileType = file; path = "NotoSansCJKkr-DemiLight.otf"; sourceTree = "<group>"; };
		1AEC1162251DF4C0002A3092 /* NotoSansCJKkr-Medium.otf */ = {isa = PBXFileReference; lastKnownFileType = file; path = "NotoSansCJKkr-Medium.otf"; sourceTree = "<group>"; };
		1AEC1163251DF4C0002A3092 /* NotoSansCJKkr-Thin.otf */ = {isa = PBXFileReference; lastKnownFileType = file; path = "NotoSansCJKkr-Thin.otf"; sourceTree = "<group>"; };
		1AEC1185251E002A002A3092 /* PasswordSettingVC.swift */ = {isa = PBXFileReference; lastKnownFileType = sourcecode.swift; path = PasswordSettingVC.swift; sourceTree = "<group>"; };
		1AEC1193251E0B28002A3092 /* SignUpCompleteVC.swift */ = {isa = PBXFileReference; lastKnownFileType = sourcecode.swift; path = SignUpCompleteVC.swift; sourceTree = "<group>"; };
		1AEC11A4251E124A002A3092 /* Home.storyboard */ = {isa = PBXFileReference; lastKnownFileType = file.storyboard; path = Home.storyboard; sourceTree = "<group>"; };
		1AEC11A9251E148B002A3092 /* HomeVC.swift */ = {isa = PBXFileReference; lastKnownFileType = sourcecode.swift; path = HomeVC.swift; sourceTree = "<group>"; };
		1AEC11AE251E24BC002A3092 /* AlarmPageVC.swift */ = {isa = PBXFileReference; lastKnownFileType = sourcecode.swift; path = AlarmPageVC.swift; sourceTree = "<group>"; };
		1AEC11B5251E24F6002A3092 /* AlarmPageTV.swift */ = {isa = PBXFileReference; lastKnownFileType = sourcecode.swift; path = AlarmPageTV.swift; sourceTree = "<group>"; };
		1AEC11BD251E2625002A3092 /* AlarmCell.xib */ = {isa = PBXFileReference; lastKnownFileType = file.xib; path = AlarmCell.xib; sourceTree = "<group>"; };
		1AEC11C2251E2637002A3092 /* AlarmCell.swift */ = {isa = PBXFileReference; lastKnownFileType = sourcecode.swift; path = AlarmCell.swift; sourceTree = "<group>"; };
		1C473AEBF860A1DD3A032490 /* Pods-PlugIt.debug.xcconfig */ = {isa = PBXFileReference; includeInIndex = 1; lastKnownFileType = text.xcconfig; name = "Pods-PlugIt.debug.xcconfig"; path = "Target Support Files/Pods-PlugIt/Pods-PlugIt.debug.xcconfig"; sourceTree = "<group>"; };
		7A8C3F637652B93D59373102 /* Pods_PlugIt.framework */ = {isa = PBXFileReference; explicitFileType = wrapper.framework; includeInIndex = 0; path = Pods_PlugIt.framework; sourceTree = BUILT_PRODUCTS_DIR; };
		80EE5036D2AB331E9EDFCFEC /* Pods-PlugIt.release.xcconfig */ = {isa = PBXFileReference; includeInIndex = 1; lastKnownFileType = text.xcconfig; name = "Pods-PlugIt.release.xcconfig"; path = "Target Support Files/Pods-PlugIt/Pods-PlugIt.release.xcconfig"; sourceTree = "<group>"; };
/* End PBXFileReference section */

/* Begin PBXFrameworksBuildPhase section */
		1A259B86251B2DCD00FDEE60 /* Frameworks */ = {
			isa = PBXFrameworksBuildPhase;
			buildActionMask = 2147483647;
			files = (
				6F02316E0199F918FCFC0A2F /* Pods_PlugIt.framework in Frameworks */,
			);
			runOnlyForDeploymentPostprocessing = 0;
		};
		1A259B9C251B2DCE00FDEE60 /* Frameworks */ = {
			isa = PBXFrameworksBuildPhase;
			buildActionMask = 2147483647;
			files = (
			);
			runOnlyForDeploymentPostprocessing = 0;
		};
		1A259BA7251B2DCE00FDEE60 /* Frameworks */ = {
			isa = PBXFrameworksBuildPhase;
			buildActionMask = 2147483647;
			files = (
			);
			runOnlyForDeploymentPostprocessing = 0;
		};
/* End PBXFrameworksBuildPhase section */

/* Begin PBXGroup section */
		1A259B80251B2DCD00FDEE60 = {
			isa = PBXGroup;
			children = (
				1A259B8B251B2DCD00FDEE60 /* PlugIt */,
				1A259B8A251B2DCD00FDEE60 /* Products */,
				249C5AD8BA39C3A0F418BC71 /* Pods */,
				E19FAA2EE2BD7375F69F367C /* Frameworks */,
			);
			sourceTree = "<group>";
		};
		1A259B8A251B2DCD00FDEE60 /* Products */ = {
			isa = PBXGroup;
			children = (
				1A259B89251B2DCD00FDEE60 /* PlugIt.app */,
				1A259B9F251B2DCE00FDEE60 /* PlugItTests.xctest */,
				1A259BAA251B2DCE00FDEE60 /* PlugItUITests.xctest */,
			);
			name = Products;
			sourceTree = "<group>";
		};
		1A259B8B251B2DCD00FDEE60 /* PlugIt */ = {
			isa = PBXGroup;
			children = (
				1A259BEA251B398100FDEE60 /* Instance */,
				1A259C86251B707400FDEE60 /* ExtensionCollection */,
				1A259C62251B660B00FDEE60 /* SignUp */,
				1AEC119F251E11CA002A3092 /* Home */,
				1A259CB3251B8A8E00FDEE60 /* Certification */,
				1A259C2A251B618500FDEE60 /* Font */,
				1A259C0B251B5A7500FDEE60 /* StoryBoard */,
				1A259B8C251B2DCD00FDEE60 /* AppDelegate.swift */,
				1A259B8E251B2DCD00FDEE60 /* SceneDelegate.swift */,
				1A259B90251B2DCD00FDEE60 /* ViewController.swift */,
				1A259B95251B2DCE00FDEE60 /* Assets.xcassets */,
				1A259B97251B2DCE00FDEE60 /* LaunchScreen.storyboard */,
				1A259B9A251B2DCE00FDEE60 /* Info.plist */,
				1A259BE2251B393A00FDEE60 /* StartVC.swift */,
			);
			path = PlugIt;
			sourceTree = "<group>";
		};
		1A259BEA251B398100FDEE60 /* Instance */ = {
			isa = PBXGroup;
			children = (
				1A259BEB251B399300FDEE60 /* StoryBoardInstance.swift */,
				1A259CA6251B849E00FDEE60 /* Common.swift */,
			);
			path = Instance;
			sourceTree = "<group>";
		};
		1A259C0B251B5A7500FDEE60 /* StoryBoard */ = {
			isa = PBXGroup;
			children = (
				1A259B92251B2DCD00FDEE60 /* Main.storyboard */,
				1A259C0F251B613500FDEE60 /* SignUp.storyboard */,
				1A259CAE251B880600FDEE60 /* Certification.storyboard */,
				1AEC1131251DCCB1002A3092 /* BottomSheet.storyboard */,
				1AEC11A4251E124A002A3092 /* Home.storyboard */,
				1A2B7FD9251F598600372D3F /* CarRegist.storyboard */,
			);
			path = StoryBoard;
			sourceTree = "<group>";
		};
		1A259C2A251B618500FDEE60 /* Font */ = {
			isa = PBXGroup;
			children = (
				1AEC115D251DF4C0002A3092 /* NotoSansCJKkr-Black.otf */,
				1AEC115E251DF4C0002A3092 /* NotoSansCJKkr-Bold.otf */,
				1AEC1161251DF4C0002A3092 /* NotoSansCJKkr-DemiLight.otf */,
				1AEC115B251DF4BF002A3092 /* NotoSansCJKkr-Light.otf */,
				1AEC1162251DF4C0002A3092 /* NotoSansCJKkr-Medium.otf */,
				1AEC115F251DF4C0002A3092 /* NotoSansCJKkr-Regular.otf */,
				1AEC1163251DF4C0002A3092 /* NotoSansCJKkr-Thin.otf */,
				1AEC115C251DF4BF002A3092 /* NotoSansMonoCJKkr-Bold.otf */,
				1AEC1160251DF4C0002A3092 /* NotoSansMonoCJKkr-Regular.otf */,
				1AEC1148251DF28B002A3092 /* NotoSans-Bold.ttf */,
				1AEC1147251DF28B002A3092 /* NotoSans-BoldItalic.ttf */,
				1AEC1145251DF28A002A3092 /* NotoSans-Italic.ttf */,
				1AEC1146251DF28B002A3092 /* NotoSans-Regular.ttf */,
				1A259BF0251B3E3100FDEE60 /* AppleSDGothicNeoEB.ttf */,
				1A259C38251B623700FDEE60 /* SF-Compact-Text-Black.otf */,
				1A259C39251B623800FDEE60 /* SF-Compact-Text-Bold.otf */,
				1A259C36251B623700FDEE60 /* SF-Compact-Text-Heavy.otf */,
				1A259C34251B623700FDEE60 /* SF-Compact-Text-Light.otf */,
				1A259C3D251B623800FDEE60 /* SF-Compact-Text-LightItalic.otf */,
				1A259C3A251B623800FDEE60 /* SF-Compact-Text-Medium.otf */,
				1A259C3B251B623800FDEE60 /* SF-Compact-Text-MediumItalic.otf */,
				1A259C37251B623700FDEE60 /* SF-Compact-Text-Regular.otf */,
				1A259C3C251B623800FDEE60 /* SF-Compact-Text-RegularItalic.otf */,
				1A259C35251B623700FDEE60 /* SF-Compact-Text-UltralightItalic.otf */,
			);
			path = Font;
			sourceTree = "<group>";
		};
		1A259C62251B660B00FDEE60 /* SignUp */ = {
			isa = PBXGroup;
			children = (
				1A259C76251B698C00FDEE60 /* Extension */,
				1A259C63251B661600FDEE60 /* VC */,
			);
			path = SignUp;
			sourceTree = "<group>";
		};
		1A259C63251B661600FDEE60 /* VC */ = {
			isa = PBXGroup;
			children = (
				1A259C66251B663500FDEE60 /* SignUpNameVC.swift */,
				1A259C8C251B710A00FDEE60 /* SignUpEmailVC.swift */,
				1A259C9C251B839900FDEE60 /* SignUpPhoneVC.swift */,
				1A259CBD251B95BD00FDEE60 /* AuthorityVC.swift */,
				1AEC1140251DD1EF002A3092 /* SignUpTermsBS.swift */,
				1AEC1185251E002A002A3092 /* PasswordSettingVC.swift */,
				1AEC1193251E0B28002A3092 /* SignUpCompleteVC.swift */,
			);
			path = VC;
			sourceTree = "<group>";
		};
		1A259C76251B698C00FDEE60 /* Extension */ = {
			isa = PBXGroup;
			children = (
				1A259C7A251B69DA00FDEE60 /* TextField */,
			);
			path = Extension;
			sourceTree = "<group>";
		};
		1A259C7A251B69DA00FDEE60 /* TextField */ = {
			isa = PBXGroup;
			children = (
				1A259C81251B6A0C00FDEE60 /* SignUpNameTF.swift */,
				1A259C91251B712400FDEE60 /* SignUpEmailTF.swift */,
				1A259CA1251B83A300FDEE60 /* SignUpPhoneTF.swift */,
			);
			path = TextField;
			sourceTree = "<group>";
		};
		1A259C86251B707400FDEE60 /* ExtensionCollection */ = {
			isa = PBXGroup;
			children = (
				1A259C87251B708B00FDEE60 /* ExtensionCollection.swift */,
			);
			path = ExtensionCollection;
			sourceTree = "<group>";
		};
		1A259CB3251B8A8E00FDEE60 /* Certification */ = {
			isa = PBXGroup;
			children = (
				1A259CB4251B8A9800FDEE60 /* VC */,
			);
			path = Certification;
			sourceTree = "<group>";
		};
		1A259CB4251B8A9800FDEE60 /* VC */ = {
			isa = PBXGroup;
			children = (
				1A259CB5251B8AA500FDEE60 /* PhoneCertVC.swift */,
			);
			path = VC;
			sourceTree = "<group>";
		};
		1AA497F62520138A0099059C /* CollectionView */ = {
			isa = PBXGroup;
			children = (
				1AA497F7252013A10099059C /* CarRegistModelCV.swift */,
			);
			path = CollectionView;
			sourceTree = "<group>";
		};
		1AEC119F251E11CA002A3092 /* Home */ = {
			isa = PBXGroup;
			children = (
				1AEC11BA251E25FA002A3092 /* Cell */,
				1AEC11B3251E24E3002A3092 /* Extension */,
				1AEC11A0251E11DF002A3092 /* VC */,
			);
			path = Home;
			sourceTree = "<group>";
		};
		1AEC11A0251E11DF002A3092 /* VC */ = {
			isa = PBXGroup;
			children = (
				1AEC11A9251E148B002A3092 /* HomeVC.swift */,
				1AEC11AE251E24BC002A3092 /* AlarmPageVC.swift */,
				1A2B7FDE251F769600372D3F /* CarRegistColorVC.swift */,
				1AA497FF25201FCA0099059C /* CarRegistModelVC.swift */,
				1A2B7FE3251F76A900372D3F /* CarRegistModelOptionVC.swift */,
				1AA4981025205E400099059C /* CarRegistModelOptionVC2.swift */,
			);
			path = VC;
			sourceTree = "<group>";
		};
		1AEC11B3251E24E3002A3092 /* Extension */ = {
			isa = PBXGroup;
			children = (
				1AA497F62520138A0099059C /* CollectionView */,
				1AEC11B4251E24E9002A3092 /* TableView */,
			);
			path = Extension;
			sourceTree = "<group>";
		};
		1AEC11B4251E24E9002A3092 /* TableView */ = {
			isa = PBXGroup;
			children = (
				1AEC11B5251E24F6002A3092 /* AlarmPageTV.swift */,
				1A2B7FF5251F783200372D3F /* CarRegistColorTV.swift */,
				1AA4981F252084660099059C /* CarRegistModelOptionTV.swift */,
			);
			path = TableView;
			sourceTree = "<group>";
		};
		1AEC11BA251E25FA002A3092 /* Cell */ = {
			isa = PBXGroup;
			children = (
				1AEC11BC251E2603002A3092 /* XibVC */,
				1AEC11BB251E25FF002A3092 /* Xib */,
			);
			path = Cell;
			sourceTree = "<group>";
		};
		1AEC11BB251E25FF002A3092 /* Xib */ = {
			isa = PBXGroup;
			children = (
				1AEC11BD251E2625002A3092 /* AlarmCell.xib */,
				1A2B7FF0251F76F500372D3F /* CarRegistColorCell.xib */,
				1AA497F1252010F20099059C /* CarRegistModelCell.xib */,
				1AA4981A252083850099059C /* CarOptionOneCell.xib */,
			);
			path = Xib;
			sourceTree = "<group>";
		};
		1AEC11BC251E2603002A3092 /* XibVC */ = {
			isa = PBXGroup;
			children = (
				1AEC11C2251E2637002A3092 /* AlarmCell.swift */,
				1A2B7FEB251F76E900372D3F /* CarRegistColorCell.swift */,
				1AA497EC252010EA0099059C /* CarRegistModelCell.swift */,
				1AA498152520837A0099059C /* CarOptionOneCell.swift */,
			);
			path = XibVC;
			sourceTree = "<group>";
		};
		249C5AD8BA39C3A0F418BC71 /* Pods */ = {
			isa = PBXGroup;
			children = (
				1C473AEBF860A1DD3A032490 /* Pods-PlugIt.debug.xcconfig */,
				80EE5036D2AB331E9EDFCFEC /* Pods-PlugIt.release.xcconfig */,
			);
			path = Pods;
			sourceTree = "<group>";
		};
		E19FAA2EE2BD7375F69F367C /* Frameworks */ = {
			isa = PBXGroup;
			children = (
				7A8C3F637652B93D59373102 /* Pods_PlugIt.framework */,
			);
			name = Frameworks;
			sourceTree = "<group>";
		};
/* End PBXGroup section */

/* Begin PBXNativeTarget section */
		1A259B88251B2DCD00FDEE60 /* PlugIt */ = {
			isa = PBXNativeTarget;
			buildConfigurationList = 1A259BB3251B2DCE00FDEE60 /* Build configuration list for PBXNativeTarget "PlugIt" */;
			buildPhases = (
				56B89DE0473F5CC1507AE966 /* [CP] Check Pods Manifest.lock */,
				1A259B85251B2DCD00FDEE60 /* Sources */,
				1A259B86251B2DCD00FDEE60 /* Frameworks */,
				1A259B87251B2DCD00FDEE60 /* Resources */,
				16D99CB8A7A33B75A1DB63C9 /* [CP] Embed Pods Frameworks */,
			);
			buildRules = (
			);
			dependencies = (
			);
			name = PlugIt;
			productName = PlugIt;
			productReference = 1A259B89251B2DCD00FDEE60 /* PlugIt.app */;
			productType = "com.apple.product-type.application";
		};
		1A259B9E251B2DCE00FDEE60 /* PlugItTests */ = {
			isa = PBXNativeTarget;
			buildConfigurationList = 1A259BB6251B2DCE00FDEE60 /* Build configuration list for PBXNativeTarget "PlugItTests" */;
			buildPhases = (
				1A259B9B251B2DCE00FDEE60 /* Sources */,
				1A259B9C251B2DCE00FDEE60 /* Frameworks */,
				1A259B9D251B2DCE00FDEE60 /* Resources */,
			);
			buildRules = (
			);
			dependencies = (
				1A259BA1251B2DCE00FDEE60 /* PBXTargetDependency */,
			);
			name = PlugItTests;
			productName = PlugItTests;
			productReference = 1A259B9F251B2DCE00FDEE60 /* PlugItTests.xctest */;
			productType = "com.apple.product-type.bundle.unit-test";
		};
		1A259BA9251B2DCE00FDEE60 /* PlugItUITests */ = {
			isa = PBXNativeTarget;
			buildConfigurationList = 1A259BB9251B2DCE00FDEE60 /* Build configuration list for PBXNativeTarget "PlugItUITests" */;
			buildPhases = (
				1A259BA6251B2DCE00FDEE60 /* Sources */,
				1A259BA7251B2DCE00FDEE60 /* Frameworks */,
				1A259BA8251B2DCE00FDEE60 /* Resources */,
			);
			buildRules = (
			);
			dependencies = (
				1A259BAC251B2DCE00FDEE60 /* PBXTargetDependency */,
			);
			name = PlugItUITests;
			productName = PlugItUITests;
			productReference = 1A259BAA251B2DCE00FDEE60 /* PlugItUITests.xctest */;
			productType = "com.apple.product-type.bundle.ui-testing";
		};
/* End PBXNativeTarget section */

/* Begin PBXProject section */
		1A259B81251B2DCD00FDEE60 /* Project object */ = {
			isa = PBXProject;
			attributes = {
				LastSwiftUpdateCheck = 1200;
				LastUpgradeCheck = 1200;
				TargetAttributes = {
					1A259B88251B2DCD00FDEE60 = {
						CreatedOnToolsVersion = 12.0;
					};
					1A259B9E251B2DCE00FDEE60 = {
						CreatedOnToolsVersion = 12.0;
						LastSwiftMigration = 1200;
						TestTargetID = 1A259B88251B2DCD00FDEE60;
					};
					1A259BA9251B2DCE00FDEE60 = {
						CreatedOnToolsVersion = 12.0;
						LastSwiftMigration = 1200;
						TestTargetID = 1A259B88251B2DCD00FDEE60;
					};
				};
			};
			buildConfigurationList = 1A259B84251B2DCD00FDEE60 /* Build configuration list for PBXProject "PlugIt" */;
			compatibilityVersion = "Xcode 9.3";
			developmentRegion = en;
			hasScannedForEncodings = 0;
			knownRegions = (
				en,
				Base,
			);
			mainGroup = 1A259B80251B2DCD00FDEE60;
			productRefGroup = 1A259B8A251B2DCD00FDEE60 /* Products */;
			projectDirPath = "";
			projectRoot = "";
			targets = (
				1A259B88251B2DCD00FDEE60 /* PlugIt */,
				1A259B9E251B2DCE00FDEE60 /* PlugItTests */,
				1A259BA9251B2DCE00FDEE60 /* PlugItUITests */,
			);
		};
/* End PBXProject section */

/* Begin PBXResourcesBuildPhase section */
		1A259B87251B2DCD00FDEE60 /* Resources */ = {
			isa = PBXResourcesBuildPhase;
			buildActionMask = 2147483647;
			files = (
				1AEC1176251DF4C0002A3092 /* NotoSansCJKkr-DemiLight.otf in Resources */,
				1AEC114C251DF28B002A3092 /* NotoSans-Regular.ttf in Resources */,
				1AA4981B252083850099059C /* CarOptionOneCell.xib in Resources */,
				1A259B99251B2DCE00FDEE60 /* LaunchScreen.storyboard in Resources */,
				1AEC116A251DF4C0002A3092 /* NotoSansCJKkr-Black.otf in Resources */,
				1AEC11A5251E124A002A3092 /* Home.storyboard in Resources */,
				1A259C4A251B623800FDEE60 /* SF-Compact-Text-Black.otf in Resources */,
				1AEC1152251DF28B002A3092 /* NotoSans-Bold.ttf in Resources */,
				1A259C50251B623800FDEE60 /* SF-Compact-Text-Medium.otf in Resources */,
				1AEC116D251DF4C0002A3092 /* NotoSansCJKkr-Bold.otf in Resources */,
				1A259CAF251B880600FDEE60 /* Certification.storyboard in Resources */,
				1A259C44251B623800FDEE60 /* SF-Compact-Text-Heavy.otf in Resources */,
				1AEC11BE251E2625002A3092 /* AlarmCell.xib in Resources */,
				1AEC1132251DCCB1002A3092 /* BottomSheet.storyboard in Resources */,
				1AA497F2252010F20099059C /* CarRegistModelCell.xib in Resources */,
				1A259C59251B623800FDEE60 /* SF-Compact-Text-LightItalic.otf in Resources */,
				1A259B96251B2DCE00FDEE60 /* Assets.xcassets in Resources */,
				1A259C3E251B623800FDEE60 /* SF-Compact-Text-Light.otf in Resources */,
				1AEC1167251DF4C0002A3092 /* NotoSansMonoCJKkr-Bold.otf in Resources */,
				1AEC117C251DF4C0002A3092 /* NotoSansCJKkr-Thin.otf in Resources */,
				1A2B7FF1251F76F500372D3F /* CarRegistColorCell.xib in Resources */,
				1AEC1149251DF28B002A3092 /* NotoSans-Italic.ttf in Resources */,
				1A259C47251B623800FDEE60 /* SF-Compact-Text-Regular.otf in Resources */,
				1AEC114F251DF28B002A3092 /* NotoSans-BoldItalic.ttf in Resources */,
				1A259BF1251B3E4100FDEE60 /* AppleSDGothicNeoEB.ttf in Resources */,
				1AEC1179251DF4C0002A3092 /* NotoSansCJKkr-Medium.otf in Resources */,
				1A259C53251B623800FDEE60 /* SF-Compact-Text-MediumItalic.otf in Resources */,
				1AEC1170251DF4C0002A3092 /* NotoSansCJKkr-Regular.otf in Resources */,
				1A259B94251B2DCD00FDEE60 /* Main.storyboard in Resources */,
				1A259C4D251B623800FDEE60 /* SF-Compact-Text-Bold.otf in Resources */,
				1A259C41251B623800FDEE60 /* SF-Compact-Text-UltralightItalic.otf in Resources */,
				1A259C56251B623800FDEE60 /* SF-Compact-Text-RegularItalic.otf in Resources */,
				1A2B7FDA251F598600372D3F /* CarRegist.storyboard in Resources */,
				1AEC1173251DF4C0002A3092 /* NotoSansMonoCJKkr-Regular.otf in Resources */,
				1A259C10251B613500FDEE60 /* SignUp.storyboard in Resources */,
				1AEC1164251DF4C0002A3092 /* NotoSansCJKkr-Light.otf in Resources */,
			);
			runOnlyForDeploymentPostprocessing = 0;
		};
		1A259B9D251B2DCE00FDEE60 /* Resources */ = {
			isa = PBXResourcesBuildPhase;
			buildActionMask = 2147483647;
			files = (
				1AEC116E251DF4C0002A3092 /* NotoSansCJKkr-Bold.otf in Resources */,
				1A259C48251B623800FDEE60 /* SF-Compact-Text-Regular.otf in Resources */,
				1A259C5A251B623800FDEE60 /* SF-Compact-Text-LightItalic.otf in Resources */,
				1AEC1174251DF4C0002A3092 /* NotoSansMonoCJKkr-Regular.otf in Resources */,
				1AEC116B251DF4C0002A3092 /* NotoSansCJKkr-Black.otf in Resources */,
				1AEC114D251DF28B002A3092 /* NotoSans-Regular.ttf in Resources */,
				1AEC1171251DF4C0002A3092 /* NotoSansCJKkr-Regular.otf in Resources */,
				1AEC1153251DF28B002A3092 /* NotoSans-Bold.ttf in Resources */,
				1AEC1168251DF4C0002A3092 /* NotoSansMonoCJKkr-Bold.otf in Resources */,
				1A259C4B251B623800FDEE60 /* SF-Compact-Text-Black.otf in Resources */,
				1AEC114A251DF28B002A3092 /* NotoSans-Italic.ttf in Resources */,
				1AEC117A251DF4C0002A3092 /* NotoSansCJKkr-Medium.otf in Resources */,
				1A259C3F251B623800FDEE60 /* SF-Compact-Text-Light.otf in Resources */,
				1A259C45251B623800FDEE60 /* SF-Compact-Text-Heavy.otf in Resources */,
				1A259C54251B623800FDEE60 /* SF-Compact-Text-MediumItalic.otf in Resources */,
				1AEC117D251DF4C0002A3092 /* NotoSansCJKkr-Thin.otf in Resources */,
				1A259C57251B623800FDEE60 /* SF-Compact-Text-RegularItalic.otf in Resources */,
				1A259C42251B623800FDEE60 /* SF-Compact-Text-UltralightItalic.otf in Resources */,
				1AEC1177251DF4C0002A3092 /* NotoSansCJKkr-DemiLight.otf in Resources */,
				1AEC1150251DF28B002A3092 /* NotoSans-BoldItalic.ttf in Resources */,
				1A259C51251B623800FDEE60 /* SF-Compact-Text-Medium.otf in Resources */,
				1AEC1165251DF4C0002A3092 /* NotoSansCJKkr-Light.otf in Resources */,
				1AEC112C251DBF39002A3092 /* AppleSDGothicNeoEB.ttf in Resources */,
				1A259C4E251B623800FDEE60 /* SF-Compact-Text-Bold.otf in Resources */,
			);
			runOnlyForDeploymentPostprocessing = 0;
		};
		1A259BA8251B2DCE00FDEE60 /* Resources */ = {
			isa = PBXResourcesBuildPhase;
			buildActionMask = 2147483647;
			files = (
				1AEC116F251DF4C0002A3092 /* NotoSansCJKkr-Bold.otf in Resources */,
				1A259C49251B623800FDEE60 /* SF-Compact-Text-Regular.otf in Resources */,
				1A259C5B251B623800FDEE60 /* SF-Compact-Text-LightItalic.otf in Resources */,
				1AEC1175251DF4C0002A3092 /* NotoSansMonoCJKkr-Regular.otf in Resources */,
				1AEC116C251DF4C0002A3092 /* NotoSansCJKkr-Black.otf in Resources */,
				1AEC114E251DF28B002A3092 /* NotoSans-Regular.ttf in Resources */,
				1AEC1172251DF4C0002A3092 /* NotoSansCJKkr-Regular.otf in Resources */,
				1AEC1154251DF28B002A3092 /* NotoSans-Bold.ttf in Resources */,
				1AEC1169251DF4C0002A3092 /* NotoSansMonoCJKkr-Bold.otf in Resources */,
				1A259C4C251B623800FDEE60 /* SF-Compact-Text-Black.otf in Resources */,
				1AEC114B251DF28B002A3092 /* NotoSans-Italic.ttf in Resources */,
				1AEC117B251DF4C0002A3092 /* NotoSansCJKkr-Medium.otf in Resources */,
				1A259C40251B623800FDEE60 /* SF-Compact-Text-Light.otf in Resources */,
				1A259C46251B623800FDEE60 /* SF-Compact-Text-Heavy.otf in Resources */,
				1A259BF9251B3E9000FDEE60 /* AppleSDGothicNeoEB.ttf in Resources */,
				1AEC117E251DF4C0002A3092 /* NotoSansCJKkr-Thin.otf in Resources */,
				1A259C55251B623800FDEE60 /* SF-Compact-Text-MediumItalic.otf in Resources */,
				1A259C58251B623800FDEE60 /* SF-Compact-Text-RegularItalic.otf in Resources */,
				1AEC1178251DF4C0002A3092 /* NotoSansCJKkr-DemiLight.otf in Resources */,
				1AEC1151251DF28B002A3092 /* NotoSans-BoldItalic.ttf in Resources */,
				1A259C43251B623800FDEE60 /* SF-Compact-Text-UltralightItalic.otf in Resources */,
				1AEC1166251DF4C0002A3092 /* NotoSansCJKkr-Light.otf in Resources */,
				1A259C52251B623800FDEE60 /* SF-Compact-Text-Medium.otf in Resources */,
				1A259C4F251B623800FDEE60 /* SF-Compact-Text-Bold.otf in Resources */,
			);
			runOnlyForDeploymentPostprocessing = 0;
		};
/* End PBXResourcesBuildPhase section */

/* Begin PBXShellScriptBuildPhase section */
		16D99CB8A7A33B75A1DB63C9 /* [CP] Embed Pods Frameworks */ = {
			isa = PBXShellScriptBuildPhase;
			buildActionMask = 2147483647;
			files = (
			);
			inputFileListPaths = (
				"${PODS_ROOT}/Target Support Files/Pods-PlugIt/Pods-PlugIt-frameworks-${CONFIGURATION}-input-files.xcfilelist",
			);
			name = "[CP] Embed Pods Frameworks";
			outputFileListPaths = (
				"${PODS_ROOT}/Target Support Files/Pods-PlugIt/Pods-PlugIt-frameworks-${CONFIGURATION}-output-files.xcfilelist",
			);
			runOnlyForDeploymentPostprocessing = 0;
			shellPath = /bin/sh;
			shellScript = "\"${PODS_ROOT}/Target Support Files/Pods-PlugIt/Pods-PlugIt-frameworks.sh\"\n";
			showEnvVarsInLog = 0;
		};
		56B89DE0473F5CC1507AE966 /* [CP] Check Pods Manifest.lock */ = {
			isa = PBXShellScriptBuildPhase;
			buildActionMask = 2147483647;
			files = (
			);
			inputFileListPaths = (
			);
			inputPaths = (
				"${PODS_PODFILE_DIR_PATH}/Podfile.lock",
				"${PODS_ROOT}/Manifest.lock",
			);
			name = "[CP] Check Pods Manifest.lock";
			outputFileListPaths = (
			);
			outputPaths = (
				"$(DERIVED_FILE_DIR)/Pods-PlugIt-checkManifestLockResult.txt",
			);
			runOnlyForDeploymentPostprocessing = 0;
			shellPath = /bin/sh;
			shellScript = "diff \"${PODS_PODFILE_DIR_PATH}/Podfile.lock\" \"${PODS_ROOT}/Manifest.lock\" > /dev/null\nif [ $? != 0 ] ; then\n    # print error to STDERR\n    echo \"error: The sandbox is not in sync with the Podfile.lock. Run 'pod install' or update your CocoaPods installation.\" >&2\n    exit 1\nfi\n# This output is used by Xcode 'outputs' to avoid re-running this script phase.\necho \"SUCCESS\" > \"${SCRIPT_OUTPUT_FILE_0}\"\n";
			showEnvVarsInLog = 0;
		};
/* End PBXShellScriptBuildPhase section */

/* Begin PBXSourcesBuildPhase section */
		1A259B85251B2DCD00FDEE60 /* Sources */ = {
			isa = PBXSourcesBuildPhase;
			buildActionMask = 2147483647;
			files = (
				1A259CA2251B83A300FDEE60 /* SignUpPhoneTF.swift in Sources */,
				1AEC1186251E002A002A3092 /* PasswordSettingVC.swift in Sources */,
				1A259C92251B712400FDEE60 /* SignUpEmailTF.swift in Sources */,
				1A259CA7251B849E00FDEE60 /* Common.swift in Sources */,
				1A259B91251B2DCD00FDEE60 /* ViewController.swift in Sources */,
				1A2B7FDF251F769600372D3F /* CarRegistColorVC.swift in Sources */,
				1AA497F8252013A10099059C /* CarRegistModelCV.swift in Sources */,
				1AEC1141251DD1EF002A3092 /* SignUpTermsBS.swift in Sources */,
				1AA498162520837A0099059C /* CarOptionOneCell.swift in Sources */,
				1A259C82251B6A0C00FDEE60 /* SignUpNameTF.swift in Sources */,
				1A259C8D251B710A00FDEE60 /* SignUpEmailVC.swift in Sources */,
				1AA497ED252010EA0099059C /* CarRegistModelCell.swift in Sources */,
				1A259B8D251B2DCD00FDEE60 /* AppDelegate.swift in Sources */,
				1AEC1194251E0B28002A3092 /* SignUpCompleteVC.swift in Sources */,
				1AEC11B6251E24F6002A3092 /* AlarmPageTV.swift in Sources */,
				1AA49820252084660099059C /* CarRegistModelOptionTV.swift in Sources */,
				1AEC11C3251E2637002A3092 /* AlarmCell.swift in Sources */,
				1A259B8F251B2DCD00FDEE60 /* SceneDelegate.swift in Sources */,
				1AEC11AF251E24BC002A3092 /* AlarmPageVC.swift in Sources */,
				1A2B7FE4251F76A900372D3F /* CarRegistModelOptionVC.swift in Sources */,
				1A259C9D251B839900FDEE60 /* SignUpPhoneVC.swift in Sources */,
				1A2B7FEC251F76E900372D3F /* CarRegistColorCell.swift in Sources */,
				1A259BEC251B399300FDEE60 /* StoryBoardInstance.swift in Sources */,
				1A259C88251B708B00FDEE60 /* ExtensionCollection.swift in Sources */,
				1AA4980025201FCA0099059C /* CarRegistModelVC.swift in Sources */,
				1AA4981125205E400099059C /* CarRegistModelOptionVC2.swift in Sources */,
				1A259C67251B663500FDEE60 /* SignUpNameVC.swift in Sources */,
				1A259BE3251B393A00FDEE60 /* StartVC.swift in Sources */,
				1A259CBE251B95BD00FDEE60 /* AuthorityVC.swift in Sources */,
				1AEC11AA251E148B002A3092 /* HomeVC.swift in Sources */,
				1A2B7FF6251F783200372D3F /* CarRegistColorTV.swift in Sources */,
				1A259CB6251B8AA500FDEE60 /* PhoneCertVC.swift in Sources */,
			);
			runOnlyForDeploymentPostprocessing = 0;
		};
		1A259B9B251B2DCE00FDEE60 /* Sources */ = {
			isa = PBXSourcesBuildPhase;
			buildActionMask = 2147483647;
			files = (
				1AEC1187251E002A002A3092 /* PasswordSettingVC.swift in Sources */,
				1A259C68251B663500FDEE60 /* SignUpNameVC.swift in Sources */,
			);
			runOnlyForDeploymentPostprocessing = 0;
		};
		1A259BA6251B2DCE00FDEE60 /* Sources */ = {
			isa = PBXSourcesBuildPhase;
			buildActionMask = 2147483647;
			files = (
				1AEC1188251E002A002A3092 /* PasswordSettingVC.swift in Sources */,
				1A259C69251B663500FDEE60 /* SignUpNameVC.swift in Sources */,
			);
			runOnlyForDeploymentPostprocessing = 0;
		};
/* End PBXSourcesBuildPhase section */

/* Begin PBXTargetDependency section */
		1A259BA1251B2DCE00FDEE60 /* PBXTargetDependency */ = {
			isa = PBXTargetDependency;
			target = 1A259B88251B2DCD00FDEE60 /* PlugIt */;
			targetProxy = 1A259BA0251B2DCE00FDEE60 /* PBXContainerItemProxy */;
		};
		1A259BAC251B2DCE00FDEE60 /* PBXTargetDependency */ = {
			isa = PBXTargetDependency;
			target = 1A259B88251B2DCD00FDEE60 /* PlugIt */;
			targetProxy = 1A259BAB251B2DCE00FDEE60 /* PBXContainerItemProxy */;
		};
/* End PBXTargetDependency section */

/* Begin PBXVariantGroup section */
		1A259B92251B2DCD00FDEE60 /* Main.storyboard */ = {
			isa = PBXVariantGroup;
			children = (
				1A259B93251B2DCD00FDEE60 /* Base */,
			);
			name = Main.storyboard;
			sourceTree = "<group>";
		};
		1A259B97251B2DCE00FDEE60 /* LaunchScreen.storyboard */ = {
			isa = PBXVariantGroup;
			children = (
				1A259B98251B2DCE00FDEE60 /* Base */,
			);
			name = LaunchScreen.storyboard;
			sourceTree = "<group>";
		};
/* End PBXVariantGroup section */

/* Begin XCBuildConfiguration section */
		1A259BB1251B2DCE00FDEE60 /* Debug */ = {
			isa = XCBuildConfiguration;
			buildSettings = {
				ALWAYS_SEARCH_USER_PATHS = NO;
				CLANG_ANALYZER_NONNULL = YES;
				CLANG_ANALYZER_NUMBER_OBJECT_CONVERSION = YES_AGGRESSIVE;
				CLANG_CXX_LANGUAGE_STANDARD = "gnu++14";
				CLANG_CXX_LIBRARY = "libc++";
				CLANG_ENABLE_MODULES = YES;
				CLANG_ENABLE_OBJC_ARC = YES;
				CLANG_ENABLE_OBJC_WEAK = YES;
				CLANG_WARN_BLOCK_CAPTURE_AUTORELEASING = YES;
				CLANG_WARN_BOOL_CONVERSION = YES;
				CLANG_WARN_COMMA = YES;
				CLANG_WARN_CONSTANT_CONVERSION = YES;
				CLANG_WARN_DEPRECATED_OBJC_IMPLEMENTATIONS = YES;
				CLANG_WARN_DIRECT_OBJC_ISA_USAGE = YES_ERROR;
				CLANG_WARN_DOCUMENTATION_COMMENTS = YES;
				CLANG_WARN_EMPTY_BODY = YES;
				CLANG_WARN_ENUM_CONVERSION = YES;
				CLANG_WARN_INFINITE_RECURSION = YES;
				CLANG_WARN_INT_CONVERSION = YES;
				CLANG_WARN_NON_LITERAL_NULL_CONVERSION = YES;
				CLANG_WARN_OBJC_IMPLICIT_RETAIN_SELF = YES;
				CLANG_WARN_OBJC_LITERAL_CONVERSION = YES;
				CLANG_WARN_OBJC_ROOT_CLASS = YES_ERROR;
				CLANG_WARN_QUOTED_INCLUDE_IN_FRAMEWORK_HEADER = YES;
				CLANG_WARN_RANGE_LOOP_ANALYSIS = YES;
				CLANG_WARN_STRICT_PROTOTYPES = YES;
				CLANG_WARN_SUSPICIOUS_MOVE = YES;
				CLANG_WARN_UNGUARDED_AVAILABILITY = YES_AGGRESSIVE;
				CLANG_WARN_UNREACHABLE_CODE = YES;
				CLANG_WARN__DUPLICATE_METHOD_MATCH = YES;
				COPY_PHASE_STRIP = NO;
				DEBUG_INFORMATION_FORMAT = dwarf;
				ENABLE_STRICT_OBJC_MSGSEND = YES;
				ENABLE_TESTABILITY = YES;
				GCC_C_LANGUAGE_STANDARD = gnu11;
				GCC_DYNAMIC_NO_PIC = NO;
				GCC_NO_COMMON_BLOCKS = YES;
				GCC_OPTIMIZATION_LEVEL = 0;
				GCC_PREPROCESSOR_DEFINITIONS = (
					"DEBUG=1",
					"$(inherited)",
				);
				GCC_WARN_64_TO_32_BIT_CONVERSION = YES;
				GCC_WARN_ABOUT_RETURN_TYPE = YES_ERROR;
				GCC_WARN_UNDECLARED_SELECTOR = YES;
				GCC_WARN_UNINITIALIZED_AUTOS = YES_AGGRESSIVE;
				GCC_WARN_UNUSED_FUNCTION = YES;
				GCC_WARN_UNUSED_VARIABLE = YES;
				IPHONEOS_DEPLOYMENT_TARGET = 13.0;
				MTL_ENABLE_DEBUG_INFO = INCLUDE_SOURCE;
				MTL_FAST_MATH = YES;
				ONLY_ACTIVE_ARCH = YES;
				SDKROOT = iphoneos;
				SWIFT_ACTIVE_COMPILATION_CONDITIONS = DEBUG;
				SWIFT_OPTIMIZATION_LEVEL = "-Onone";
			};
			name = Debug;
		};
		1A259BB2251B2DCE00FDEE60 /* Release */ = {
			isa = XCBuildConfiguration;
			buildSettings = {
				ALWAYS_SEARCH_USER_PATHS = NO;
				CLANG_ANALYZER_NONNULL = YES;
				CLANG_ANALYZER_NUMBER_OBJECT_CONVERSION = YES_AGGRESSIVE;
				CLANG_CXX_LANGUAGE_STANDARD = "gnu++14";
				CLANG_CXX_LIBRARY = "libc++";
				CLANG_ENABLE_MODULES = YES;
				CLANG_ENABLE_OBJC_ARC = YES;
				CLANG_ENABLE_OBJC_WEAK = YES;
				CLANG_WARN_BLOCK_CAPTURE_AUTORELEASING = YES;
				CLANG_WARN_BOOL_CONVERSION = YES;
				CLANG_WARN_COMMA = YES;
				CLANG_WARN_CONSTANT_CONVERSION = YES;
				CLANG_WARN_DEPRECATED_OBJC_IMPLEMENTATIONS = YES;
				CLANG_WARN_DIRECT_OBJC_ISA_USAGE = YES_ERROR;
				CLANG_WARN_DOCUMENTATION_COMMENTS = YES;
				CLANG_WARN_EMPTY_BODY = YES;
				CLANG_WARN_ENUM_CONVERSION = YES;
				CLANG_WARN_INFINITE_RECURSION = YES;
				CLANG_WARN_INT_CONVERSION = YES;
				CLANG_WARN_NON_LITERAL_NULL_CONVERSION = YES;
				CLANG_WARN_OBJC_IMPLICIT_RETAIN_SELF = YES;
				CLANG_WARN_OBJC_LITERAL_CONVERSION = YES;
				CLANG_WARN_OBJC_ROOT_CLASS = YES_ERROR;
				CLANG_WARN_QUOTED_INCLUDE_IN_FRAMEWORK_HEADER = YES;
				CLANG_WARN_RANGE_LOOP_ANALYSIS = YES;
				CLANG_WARN_STRICT_PROTOTYPES = YES;
				CLANG_WARN_SUSPICIOUS_MOVE = YES;
				CLANG_WARN_UNGUARDED_AVAILABILITY = YES_AGGRESSIVE;
				CLANG_WARN_UNREACHABLE_CODE = YES;
				CLANG_WARN__DUPLICATE_METHOD_MATCH = YES;
				COPY_PHASE_STRIP = NO;
				DEBUG_INFORMATION_FORMAT = "dwarf-with-dsym";
				ENABLE_NS_ASSERTIONS = NO;
				ENABLE_STRICT_OBJC_MSGSEND = YES;
				GCC_C_LANGUAGE_STANDARD = gnu11;
				GCC_NO_COMMON_BLOCKS = YES;
				GCC_WARN_64_TO_32_BIT_CONVERSION = YES;
				GCC_WARN_ABOUT_RETURN_TYPE = YES_ERROR;
				GCC_WARN_UNDECLARED_SELECTOR = YES;
				GCC_WARN_UNINITIALIZED_AUTOS = YES_AGGRESSIVE;
				GCC_WARN_UNUSED_FUNCTION = YES;
				GCC_WARN_UNUSED_VARIABLE = YES;
				IPHONEOS_DEPLOYMENT_TARGET = 13.0;
				MTL_ENABLE_DEBUG_INFO = NO;
				MTL_FAST_MATH = YES;
				SDKROOT = iphoneos;
				SWIFT_COMPILATION_MODE = wholemodule;
				SWIFT_OPTIMIZATION_LEVEL = "-O";
				VALIDATE_PRODUCT = YES;
			};
			name = Release;
		};
		1A259BB4251B2DCE00FDEE60 /* Debug */ = {
			isa = XCBuildConfiguration;
			baseConfigurationReference = 1C473AEBF860A1DD3A032490 /* Pods-PlugIt.debug.xcconfig */;
			buildSettings = {
				ASSETCATALOG_COMPILER_APPICON_NAME = AppIcon;
				ASSETCATALOG_COMPILER_GLOBAL_ACCENT_COLOR_NAME = AccentColor;
				CODE_SIGN_STYLE = Automatic;
				DEVELOPMENT_TEAM = V844U2A3G7;
				INFOPLIST_FILE = PlugIt/Info.plist;
				LD_RUNPATH_SEARCH_PATHS = (
					"$(inherited)",
					"@executable_path/Frameworks",
				);
				PRODUCT_BUNDLE_IDENTIFIER = kr.App.PlugIt;
				PRODUCT_NAME = "$(TARGET_NAME)";
				SWIFT_VERSION = 5.0;
				TARGETED_DEVICE_FAMILY = 1;
			};
			name = Debug;
		};
		1A259BB5251B2DCE00FDEE60 /* Release */ = {
			isa = XCBuildConfiguration;
			baseConfigurationReference = 80EE5036D2AB331E9EDFCFEC /* Pods-PlugIt.release.xcconfig */;
			buildSettings = {
				ASSETCATALOG_COMPILER_APPICON_NAME = AppIcon;
				ASSETCATALOG_COMPILER_GLOBAL_ACCENT_COLOR_NAME = AccentColor;
				CODE_SIGN_STYLE = Automatic;
				DEVELOPMENT_TEAM = V844U2A3G7;
				INFOPLIST_FILE = PlugIt/Info.plist;
				LD_RUNPATH_SEARCH_PATHS = (
					"$(inherited)",
					"@executable_path/Frameworks",
				);
				PRODUCT_BUNDLE_IDENTIFIER = kr.App.PlugIt;
				PRODUCT_NAME = "$(TARGET_NAME)";
				SWIFT_VERSION = 5.0;
				TARGETED_DEVICE_FAMILY = 1;
			};
			name = Release;
		};
		1A259BB7251B2DCE00FDEE60 /* Debug */ = {
			isa = XCBuildConfiguration;
			buildSettings = {
				ALWAYS_EMBED_SWIFT_STANDARD_LIBRARIES = YES;
				BUNDLE_LOADER = "$(TEST_HOST)";
				CLANG_ENABLE_MODULES = YES;
				CODE_SIGN_STYLE = Automatic;
				DEVELOPMENT_TEAM = V844U2A3G7;
				INFOPLIST_FILE = PlugItTests/Info.plist;
				IPHONEOS_DEPLOYMENT_TARGET = 14.0;
				LD_RUNPATH_SEARCH_PATHS = (
					"$(inherited)",
					"@executable_path/Frameworks",
					"@loader_path/Frameworks",
				);
				PRODUCT_BUNDLE_IDENTIFIER = kr.App.PlugItTests;
				PRODUCT_NAME = "$(TARGET_NAME)";
				SWIFT_OBJC_BRIDGING_HEADER = "PlugIt/SignUp/VC/PlugItTests-Bridging-Header.h";
				SWIFT_OPTIMIZATION_LEVEL = "-Onone";
				SWIFT_VERSION = 5.0;
				TARGETED_DEVICE_FAMILY = "1,2";
				TEST_HOST = "$(BUILT_PRODUCTS_DIR)/PlugIt.app/PlugIt";
			};
			name = Debug;
		};
		1A259BB8251B2DCE00FDEE60 /* Release */ = {
			isa = XCBuildConfiguration;
			buildSettings = {
				ALWAYS_EMBED_SWIFT_STANDARD_LIBRARIES = YES;
				BUNDLE_LOADER = "$(TEST_HOST)";
				CLANG_ENABLE_MODULES = YES;
				CODE_SIGN_STYLE = Automatic;
				DEVELOPMENT_TEAM = V844U2A3G7;
				INFOPLIST_FILE = PlugItTests/Info.plist;
				IPHONEOS_DEPLOYMENT_TARGET = 14.0;
				LD_RUNPATH_SEARCH_PATHS = (
					"$(inherited)",
					"@executable_path/Frameworks",
					"@loader_path/Frameworks",
				);
				PRODUCT_BUNDLE_IDENTIFIER = kr.App.PlugItTests;
				PRODUCT_NAME = "$(TARGET_NAME)";
				SWIFT_OBJC_BRIDGING_HEADER = "PlugIt/SignUp/VC/PlugItTests-Bridging-Header.h";
				SWIFT_VERSION = 5.0;
				TARGETED_DEVICE_FAMILY = "1,2";
				TEST_HOST = "$(BUILT_PRODUCTS_DIR)/PlugIt.app/PlugIt";
			};
			name = Release;
		};
		1A259BBA251B2DCE00FDEE60 /* Debug */ = {
			isa = XCBuildConfiguration;
			buildSettings = {
				ALWAYS_EMBED_SWIFT_STANDARD_LIBRARIES = YES;
				CLANG_ENABLE_MODULES = YES;
				CODE_SIGN_STYLE = Automatic;
				DEVELOPMENT_TEAM = V844U2A3G7;
				INFOPLIST_FILE = PlugItUITests/Info.plist;
				LD_RUNPATH_SEARCH_PATHS = (
					"$(inherited)",
					"@executable_path/Frameworks",
					"@loader_path/Frameworks",
				);
				PRODUCT_BUNDLE_IDENTIFIER = kr.App.PlugItUITests;
				PRODUCT_NAME = "$(TARGET_NAME)";
				SWIFT_OBJC_BRIDGING_HEADER = "PlugIt/SignUp/VC/PlugItUITests-Bridging-Header.h";
				SWIFT_OPTIMIZATION_LEVEL = "-Onone";
				SWIFT_VERSION = 5.0;
				TARGETED_DEVICE_FAMILY = "1,2";
				TEST_TARGET_NAME = PlugIt;
			};
			name = Debug;
		};
		1A259BBB251B2DCE00FDEE60 /* Release */ = {
			isa = XCBuildConfiguration;
			buildSettings = {
				ALWAYS_EMBED_SWIFT_STANDARD_LIBRARIES = YES;
				CLANG_ENABLE_MODULES = YES;
				CODE_SIGN_STYLE = Automatic;
				DEVELOPMENT_TEAM = V844U2A3G7;
				INFOPLIST_FILE = PlugItUITests/Info.plist;
				LD_RUNPATH_SEARCH_PATHS = (
					"$(inherited)",
					"@executable_path/Frameworks",
					"@loader_path/Frameworks",
				);
				PRODUCT_BUNDLE_IDENTIFIER = kr.App.PlugItUITests;
				PRODUCT_NAME = "$(TARGET_NAME)";
				SWIFT_OBJC_BRIDGING_HEADER = "PlugIt/SignUp/VC/PlugItUITests-Bridging-Header.h";
				SWIFT_VERSION = 5.0;
				TARGETED_DEVICE_FAMILY = "1,2";
				TEST_TARGET_NAME = PlugIt;
			};
			name = Release;
		};
/* End XCBuildConfiguration section */

/* Begin XCConfigurationList section */
		1A259B84251B2DCD00FDEE60 /* Build configuration list for PBXProject "PlugIt" */ = {
			isa = XCConfigurationList;
			buildConfigurations = (
				1A259BB1251B2DCE00FDEE60 /* Debug */,
				1A259BB2251B2DCE00FDEE60 /* Release */,
			);
			defaultConfigurationIsVisible = 0;
			defaultConfigurationName = Release;
		};
		1A259BB3251B2DCE00FDEE60 /* Build configuration list for PBXNativeTarget "PlugIt" */ = {
			isa = XCConfigurationList;
			buildConfigurations = (
				1A259BB4251B2DCE00FDEE60 /* Debug */,
				1A259BB5251B2DCE00FDEE60 /* Release */,
			);
			defaultConfigurationIsVisible = 0;
			defaultConfigurationName = Release;
		};
		1A259BB6251B2DCE00FDEE60 /* Build configuration list for PBXNativeTarget "PlugItTests" */ = {
			isa = XCConfigurationList;
			buildConfigurations = (
				1A259BB7251B2DCE00FDEE60 /* Debug */,
				1A259BB8251B2DCE00FDEE60 /* Release */,
			);
			defaultConfigurationIsVisible = 0;
			defaultConfigurationName = Release;
		};
		1A259BB9251B2DCE00FDEE60 /* Build configuration list for PBXNativeTarget "PlugItUITests" */ = {
			isa = XCConfigurationList;
			buildConfigurations = (
				1A259BBA251B2DCE00FDEE60 /* Debug */,
				1A259BBB251B2DCE00FDEE60 /* Release */,
			);
			defaultConfigurationIsVisible = 0;
			defaultConfigurationName = Release;
		};
/* End XCConfigurationList section */
	};
	rootObject = 1A259B81251B2DCD00FDEE60 /* Project object */;
}
